// !$*UTF8*$!
{
	archiveVersion = 1;
	classes = {
	};
	objectVersion = 55;
	objects = {

/* Begin PBXBuildFile section */
		A4815A822976F74B005EF778 /* AppDelegate.swift in Sources */ = {isa = PBXBuildFile; fileRef = A4815A812976F74B005EF778 /* AppDelegate.swift */; };
		A4815A842976F74B005EF778 /* SceneDelegate.swift in Sources */ = {isa = PBXBuildFile; fileRef = A4815A832976F74B005EF778 /* SceneDelegate.swift */; };
		A4815A8B2976F750005EF778 /* Assets.xcassets in Resources */ = {isa = PBXBuildFile; fileRef = A4815A8A2976F750005EF778 /* Assets.xcassets */; };
		A4815A8E2976F750005EF778 /* LaunchScreen.storyboard in Resources */ = {isa = PBXBuildFile; fileRef = A4815A8C2976F750005EF778 /* LaunchScreen.storyboard */; };
		A4815A9E2976F846005EF778 /* HabitDate.swift in Sources */ = {isa = PBXBuildFile; fileRef = A4815A9D2976F846005EF778 /* HabitDate.swift */; };
		A4815AA02976F85D005EF778 /* TabBarController.swift in Sources */ = {isa = PBXBuildFile; fileRef = A4815A9F2976F85D005EF778 /* TabBarController.swift */; };
		A4815AA22976F86A005EF778 /* HabitsViewController.swift in Sources */ = {isa = PBXBuildFile; fileRef = A4815AA12976F86A005EF778 /* HabitsViewController.swift */; };
		A4815AA42976F873005EF778 /* ProgresHabitCollectionViewCell.swift in Sources */ = {isa = PBXBuildFile; fileRef = A4815AA32976F873005EF778 /* ProgresHabitCollectionViewCell.swift */; };
		A4815AA62976F87C005EF778 /* HabitCollectionViewCell.swift in Sources */ = {isa = PBXBuildFile; fileRef = A4815AA52976F87C005EF778 /* HabitCollectionViewCell.swift */; };
		A4815AA82976F892005EF778 /* HabitViewController.swift in Sources */ = {isa = PBXBuildFile; fileRef = A4815AA72976F892005EF778 /* HabitViewController.swift */; };
		A4815AAA2976F89D005EF778 /* HabitDetailsViewController.swift in Sources */ = {isa = PBXBuildFile; fileRef = A4815AA92976F89D005EF778 /* HabitDetailsViewController.swift */; };
		A4815AAC2976F8AC005EF778 /* InfoViewController.swift in Sources */ = {isa = PBXBuildFile; fileRef = A4815AAB2976F8AC005EF778 /* InfoViewController.swift */; };
/* End PBXBuildFile section */

/* Begin PBXFileReference section */
		A4815A7E2976F74B005EF778 /* MyHabits2.0.app */ = {isa = PBXFileReference; explicitFileType = wrapper.application; includeInIndex = 0; path = MyHabits2.0.app; sourceTree = BUILT_PRODUCTS_DIR; };
		A4815A812976F74B005EF778 /* AppDelegate.swift */ = {isa = PBXFileReference; lastKnownFileType = sourcecode.swift; path = AppDelegate.swift; sourceTree = "<group>"; };
		A4815A832976F74B005EF778 /* SceneDelegate.swift */ = {isa = PBXFileReference; lastKnownFileType = sourcecode.swift; path = SceneDelegate.swift; sourceTree = "<group>"; };
		A4815A8A2976F750005EF778 /* Assets.xcassets */ = {isa = PBXFileReference; lastKnownFileType = folder.assetcatalog; path = Assets.xcassets; sourceTree = "<group>"; };
		A4815A8D2976F750005EF778 /* Base */ = {isa = PBXFileReference; lastKnownFileType = file.storyboard; name = Base; path = Base.lproj/LaunchScreen.storyboard; sourceTree = "<group>"; };
		A4815A8F2976F750005EF778 /* Info.plist */ = {isa = PBXFileReference; lastKnownFileType = text.plist.xml; path = Info.plist; sourceTree = "<group>"; };
		A4815A9D2976F846005EF778 /* HabitDate.swift */ = {isa = PBXFileReference; lastKnownFileType = sourcecode.swift; path = HabitDate.swift; sourceTree = "<group>"; };
		A4815A9F2976F85D005EF778 /* TabBarController.swift */ = {isa = PBXFileReference; lastKnownFileType = sourcecode.swift; path = TabBarController.swift; sourceTree = "<group>"; };
		A4815AA12976F86A005EF778 /* HabitsViewController.swift */ = {isa = PBXFileReference; lastKnownFileType = sourcecode.swift; path = HabitsViewController.swift; sourceTree = "<group>"; };
		A4815AA32976F873005EF778 /* ProgresHabitCollectionViewCell.swift */ = {isa = PBXFileReference; lastKnownFileType = sourcecode.swift; path = ProgresHabitCollectionViewCell.swift; sourceTree = "<group>"; };
		A4815AA52976F87C005EF778 /* HabitCollectionViewCell.swift */ = {isa = PBXFileReference; lastKnownFileType = sourcecode.swift; path = HabitCollectionViewCell.swift; sourceTree = "<group>"; };
		A4815AA72976F892005EF778 /* HabitViewController.swift */ = {isa = PBXFileReference; lastKnownFileType = sourcecode.swift; path = HabitViewController.swift; sourceTree = "<group>"; };
		A4815AA92976F89D005EF778 /* HabitDetailsViewController.swift */ = {isa = PBXFileReference; lastKnownFileType = sourcecode.swift; path = HabitDetailsViewController.swift; sourceTree = "<group>"; };
		A4815AAB2976F8AC005EF778 /* InfoViewController.swift */ = {isa = PBXFileReference; lastKnownFileType = sourcecode.swift; path = InfoViewController.swift; sourceTree = "<group>"; };
/* End PBXFileReference section */

/* Begin PBXFrameworksBuildPhase section */
		A4815A7B2976F74B005EF778 /* Frameworks */ = {
			isa = PBXFrameworksBuildPhase;
			buildActionMask = 2147483647;
			files = (
			);
			runOnlyForDeploymentPostprocessing = 0;
		};
/* End PBXFrameworksBuildPhase section */

/* Begin PBXGroup section */
		A4815A752976F74B005EF778 = {
			isa = PBXGroup;
			children = (
				A4815A802976F74B005EF778 /* MyHabits2.0 */,
				A4815A7F2976F74B005EF778 /* Products */,
			);
			sourceTree = "<group>";
		};
		A4815A7F2976F74B005EF778 /* Products */ = {
			isa = PBXGroup;
			children = (
				A4815A7E2976F74B005EF778 /* MyHabits2.0.app */,
			);
			name = Products;
			sourceTree = "<group>";
		};
		A4815A802976F74B005EF778 /* MyHabits2.0 */ = {
			isa = PBXGroup;
			children = (
				A4815A962976F761005EF778 /* HabitDate */,
				A4815A952976F758005EF778 /* Application */,
				A4815A972976F772005EF778 /* TabBarController */,
				A4815A982976F790005EF778 /* Habits */,
				A4815A9C2976F7C4005EF778 /* Info */,
				A4815A8A2976F750005EF778 /* Assets.xcassets */,
				A4815A8C2976F750005EF778 /* LaunchScreen.storyboard */,
				A4815A8F2976F750005EF778 /* Info.plist */,
			);
			path = MyHabits2.0;
			sourceTree = "<group>";
		};
		A4815A952976F758005EF778 /* Application */ = {
			isa = PBXGroup;
			children = (
				A4815A812976F74B005EF778 /* AppDelegate.swift */,
				A4815A832976F74B005EF778 /* SceneDelegate.swift */,
			);
			path = Application;
			sourceTree = "<group>";
		};
		A4815A962976F761005EF778 /* HabitDate */ = {
			isa = PBXGroup;
			children = (
				A4815A9D2976F846005EF778 /* HabitDate.swift */,
			);
			path = HabitDate;
			sourceTree = "<group>";
		};
		A4815A972976F772005EF778 /* TabBarController */ = {
			isa = PBXGroup;
			children = (
				A4815A9F2976F85D005EF778 /* TabBarController.swift */,
			);
			path = TabBarController;
			sourceTree = "<group>";
		};
		A4815A982976F790005EF778 /* Habits */ = {
			isa = PBXGroup;
			children = (
				A4815A992976F799005EF778 /* HabitsCollectionView */,
				A4815A9A2976F7A2005EF778 /* addNewHabit */,
				A4815A9B2976F7BD005EF778 /* HabitDetails */,
			);
			path = Habits;
			sourceTree = "<group>";
		};
		A4815A992976F799005EF778 /* HabitsCollectionView */ = {
			isa = PBXGroup;
			children = (
				A4815AA12976F86A005EF778 /* HabitsViewController.swift */,
				A4815AA32976F873005EF778 /* ProgresHabitCollectionViewCell.swift */,
				A4815AA52976F87C005EF778 /* HabitCollectionViewCell.swift */,
			);
			path = HabitsCollectionView;
			sourceTree = "<group>";
		};
		A4815A9A2976F7A2005EF778 /* addNewHabit */ = {
			isa = PBXGroup;
			children = (
				A4815AA72976F892005EF778 /* HabitViewController.swift */,
			);
			path = addNewHabit;
			sourceTree = "<group>";
		};
		A4815A9B2976F7BD005EF778 /* HabitDetails */ = {
			isa = PBXGroup;
			children = (
				A4815AA92976F89D005EF778 /* HabitDetailsViewController.swift */,
			);
			path = HabitDetails;
			sourceTree = "<group>";
		};
		A4815A9C2976F7C4005EF778 /* Info */ = {
			isa = PBXGroup;
			children = (
				A4815AAB2976F8AC005EF778 /* InfoViewController.swift */,
			);
			path = Info;
			sourceTree = "<group>";
		};
/* End PBXGroup section */

/* Begin PBXNativeTarget section */
		A4815A7D2976F74B005EF778 /* MyHabits2.0 */ = {
			isa = PBXNativeTarget;
			buildConfigurationList = A4815A922976F750005EF778 /* Build configuration list for PBXNativeTarget "MyHabits2.0" */;
			buildPhases = (
				A4815A7A2976F74B005EF778 /* Sources */,
				A4815A7B2976F74B005EF778 /* Frameworks */,
				A4815A7C2976F74B005EF778 /* Resources */,
			);
			buildRules = (
			);
			dependencies = (
			);
			name = MyHabits2.0;
			productName = MyHabits2.0;
			productReference = A4815A7E2976F74B005EF778 /* MyHabits2.0.app */;
			productType = "com.apple.product-type.application";
		};
/* End PBXNativeTarget section */

/* Begin PBXProject section */
		A4815A762976F74B005EF778 /* Project object */ = {
			isa = PBXProject;
			attributes = {
				BuildIndependentTargetsInParallel = 1;
				LastSwiftUpdateCheck = 1340;
				LastUpgradeCheck = 1340;
				TargetAttributes = {
					A4815A7D2976F74B005EF778 = {
						CreatedOnToolsVersion = 13.4.1;
					};
				};
			};
			buildConfigurationList = A4815A792976F74B005EF778 /* Build configuration list for PBXProject "MyHabits2.0" */;
			compatibilityVersion = "Xcode 13.0";
			developmentRegion = en;
			hasScannedForEncodings = 0;
			knownRegions = (
				en,
				Base,
			);
			mainGroup = A4815A752976F74B005EF778;
			productRefGroup = A4815A7F2976F74B005EF778 /* Products */;
			projectDirPath = "";
			projectRoot = "";
			targets = (
				A4815A7D2976F74B005EF778 /* MyHabits2.0 */,
			);
		};
/* End PBXProject section */

/* Begin PBXResourcesBuildPhase section */
		A4815A7C2976F74B005EF778 /* Resources */ = {
			isa = PBXResourcesBuildPhase;
			buildActionMask = 2147483647;
			files = (
				A4815A8E2976F750005EF778 /* LaunchScreen.storyboard in Resources */,
				A4815A8B2976F750005EF778 /* Assets.xcassets in Resources */,
			);
			runOnlyForDeploymentPostprocessing = 0;
		};
/* End PBXResourcesBuildPhase section */

/* Begin PBXSourcesBuildPhase section */
		A4815A7A2976F74B005EF778 /* Sources */ = {
			isa = PBXSourcesBuildPhase;
			buildActionMask = 2147483647;
			files = (
				A4815A9E2976F846005EF778 /* HabitDate.swift in Sources */,
				A4815AAC2976F8AC005EF778 /* InfoViewController.swift in Sources */,
				A4815AA22976F86A005EF778 /* HabitsViewController.swift in Sources */,
				A4815A822976F74B005EF778 /* AppDelegate.swift in Sources */,
				A4815AA42976F873005EF778 /* ProgresHabitCollectionViewCell.swift in Sources */,
				A4815AA02976F85D005EF778 /* TabBarController.swift in Sources */,
				A4815A842976F74B005EF778 /* SceneDelegate.swift in Sources */,
				A4815AA82976F892005EF778 /* HabitViewController.swift in Sources */,
				A4815AAA2976F89D005EF778 /* HabitDetailsViewController.swift in Sources */,
				A4815AA62976F87C005EF778 /* HabitCollectionViewCell.swift in Sources */,
			);
			runOnlyForDeploymentPostprocessing = 0;
		};
/* End PBXSourcesBuildPhase section */

/* Begin PBXVariantGroup section */
		A4815A8C2976F750005EF778 /* LaunchScreen.storyboard */ = {
			isa = PBXVariantGroup;
			children = (
				A4815A8D2976F750005EF778 /* Base */,
			);
			name = LaunchScreen.storyboard;
			sourceTree = "<group>";
		};
/* End PBXVariantGroup section */

/* Begin XCBuildConfiguration section */
		A4815A902976F750005EF778 /* Debug */ = {
			isa = XCBuildConfiguration;
			buildSettings = {
				ALWAYS_SEARCH_USER_PATHS = NO;
				CLANG_ANALYZER_NONNULL = YES;
				CLANG_ANALYZER_NUMBER_OBJECT_CONVERSION = YES_AGGRESSIVE;
				CLANG_CXX_LANGUAGE_STANDARD = "gnu++17";
				CLANG_ENABLE_MODULES = YES;
				CLANG_ENABLE_OBJC_ARC = YES;
				CLANG_ENABLE_OBJC_WEAK = YES;
				CLANG_WARN_BLOCK_CAPTURE_AUTORELEASING = YES;
				CLANG_WARN_BOOL_CONVERSION = YES;
				CLANG_WARN_COMMA = YES;
				CLANG_WARN_CONSTANT_CONVERSION = YES;
				CLANG_WARN_DEPRECATED_OBJC_IMPLEMENTATIONS = YES;
				CLANG_WARN_DIRECT_OBJC_ISA_USAGE = YES_ERROR;
				CLANG_WARN_DOCUMENTATION_COMMENTS = YES;
				CLANG_WARN_EMPTY_BODY = YES;
				CLANG_WARN_ENUM_CONVERSION = YES;
				CLANG_WARN_INFINITE_RECURSION = YES;
				CLANG_WARN_INT_CONVERSION = YES;
				CLANG_WARN_NON_LITERAL_NULL_CONVERSION = YES;
				CLANG_WARN_OBJC_IMPLICIT_RETAIN_SELF = YES;
				CLANG_WARN_OBJC_LITERAL_CONVERSION = YES;
				CLANG_WARN_OBJC_ROOT_CLASS = YES_ERROR;
				CLANG_WARN_QUOTED_INCLUDE_IN_FRAMEWORK_HEADER = YES;
				CLANG_WARN_RANGE_LOOP_ANALYSIS = YES;
				CLANG_WARN_STRICT_PROTOTYPES = YES;
				CLANG_WARN_SUSPICIOUS_MOVE = YES;
				CLANG_WARN_UNGUARDED_AVAILABILITY = YES_AGGRESSIVE;
				CLANG_WARN_UNREACHABLE_CODE = YES;
				CLANG_WARN__DUPLICATE_METHOD_MATCH = YES;
				COPY_PHASE_STRIP = NO;
				DEBUG_INFORMATION_FORMAT = dwarf;
				ENABLE_STRICT_OBJC_MSGSEND = YES;
				ENABLE_TESTABILITY = YES;
				GCC_C_LANGUAGE_STANDARD = gnu11;
				GCC_DYNAMIC_NO_PIC = NO;
				GCC_NO_COMMON_BLOCKS = YES;
				GCC_OPTIMIZATION_LEVEL = 0;
				GCC_PREPROCESSOR_DEFINITIONS = (
					"DEBUG=1",
					"$(inherited)",
				);
				GCC_WARN_64_TO_32_BIT_CONVERSION = YES;
				GCC_WARN_ABOUT_RETURN_TYPE = YES_ERROR;
				GCC_WARN_UNDECLARED_SELECTOR = YES;
				GCC_WARN_UNINITIALIZED_AUTOS = YES_AGGRESSIVE;
				GCC_WARN_UNUSED_FUNCTION = YES;
				GCC_WARN_UNUSED_VARIABLE = YES;
				IPHONEOS_DEPLOYMENT_TARGET = 15.5;
				MTL_ENABLE_DEBUG_INFO = INCLUDE_SOURCE;
				MTL_FAST_MATH = YES;
				ONLY_ACTIVE_ARCH = YES;
				SDKROOT = iphoneos;
				SWIFT_ACTIVE_COMPILATION_CONDITIONS = DEBUG;
				SWIFT_OPTIMIZATION_LEVEL = "-Onone";
			};
			name = Debug;
		};
		A4815A912976F750005EF778 /* Release */ = {
			isa = XCBuildConfiguration;
			buildSettings = {
				ALWAYS_SEARCH_USER_PATHS = NO;
				CLANG_ANALYZER_NONNULL = YES;
				CLANG_ANALYZER_NUMBER_OBJECT_CONVERSION = YES_AGGRESSIVE;
				CLANG_CXX_LANGUAGE_STANDARD = "gnu++17";
				CLANG_ENABLE_MODULES = YES;
				CLANG_ENABLE_OBJC_ARC = YES;
				CLANG_ENABLE_OBJC_WEAK = YES;
				CLANG_WARN_BLOCK_CAPTURE_AUTORELEASING = YES;
				CLANG_WARN_BOOL_CONVERSION = YES;
				CLANG_WARN_COMMA = YES;
				CLANG_WARN_CONSTANT_CONVERSION = YES;
				CLANG_WARN_DEPRECATED_OBJC_IMPLEMENTATIONS = YES;
				CLANG_WARN_DIRECT_OBJC_ISA_USAGE = YES_ERROR;
				CLANG_WARN_DOCUMENTATION_COMMENTS = YES;
				CLANG_WARN_EMPTY_BODY = YES;
				CLANG_WARN_ENUM_CONVERSION = YES;
				CLANG_WARN_INFINITE_RECURSION = YES;
				CLANG_WARN_INT_CONVERSION = YES;
				CLANG_WARN_NON_LITERAL_NULL_CONVERSION = YES;
				CLANG_WARN_OBJC_IMPLICIT_RETAIN_SELF = YES;
				CLANG_WARN_OBJC_LITERAL_CONVERSION = YES;
				CLANG_WARN_OBJC_ROOT_CLASS = YES_ERROR;
				CLANG_WARN_QUOTED_INCLUDE_IN_FRAMEWORK_HEADER = YES;
				CLANG_WARN_RANGE_LOOP_ANALYSIS = YES;
				CLANG_WARN_STRICT_PROTOTYPES = YES;
				CLANG_WARN_SUSPICIOUS_MOVE = YES;
				CLANG_WARN_UNGUARDED_AVAILABILITY = YES_AGGRESSIVE;
				CLANG_WARN_UNREACHABLE_CODE = YES;
				CLANG_WARN__DUPLICATE_METHOD_MATCH = YES;
				COPY_PHASE_STRIP = NO;
				DEBUG_INFORMATION_FORMAT = "dwarf-with-dsym";
				ENABLE_NS_ASSERTIONS = NO;
				ENABLE_STRICT_OBJC_MSGSEND = YES;
				GCC_C_LANGUAGE_STANDARD = gnu11;
				GCC_NO_COMMON_BLOCKS = YES;
				GCC_WARN_64_TO_32_BIT_CONVERSION = YES;
				GCC_WARN_ABOUT_RETURN_TYPE = YES_ERROR;
				GCC_WARN_UNDECLARED_SELECTOR = YES;
				GCC_WARN_UNINITIALIZED_AUTOS = YES_AGGRESSIVE;
				GCC_WARN_UNUSED_FUNCTION = YES;
				GCC_WARN_UNUSED_VARIABLE = YES;
				IPHONEOS_DEPLOYMENT_TARGET = 15.5;
				MTL_ENABLE_DEBUG_INFO = NO;
				MTL_FAST_MATH = YES;
				SDKROOT = iphoneos;
				SWIFT_COMPILATION_MODE = wholemodule;
				SWIFT_OPTIMIZATION_LEVEL = "-O";
				VALIDATE_PRODUCT = YES;
			};
			name = Release;
		};
		A4815A932976F750005EF778 /* Debug */ = {
			isa = XCBuildConfiguration;
			buildSettings = {
				ASSETCATALOG_COMPILER_APPICON_NAME = AppIcon;
				ASSETCATALOG_COMPILER_GLOBAL_ACCENT_COLOR_NAME = AccentColor;
				CODE_SIGN_STYLE = Automatic;
				CURRENT_PROJECT_VERSION = 1;
				GENERATE_INFOPLIST_FILE = YES;
				INFOPLIST_FILE = MyHabits2.0/Info.plist;
				INFOPLIST_KEY_UIApplicationSupportsIndirectInputEvents = YES;
				INFOPLIST_KEY_UILaunchStoryboardName = LaunchScreen;
				INFOPLIST_KEY_UISupportedInterfaceOrientations_iPad = "UIInterfaceOrientationPortrait UIInterfaceOrientationPortraitUpsideDown UIInterfaceOrientationLandscapeLeft UIInterfaceOrientationLandscapeRight";
				INFOPLIST_KEY_UISupportedInterfaceOrientations_iPhone = "UIInterfaceOrientationPortrait UIInterfaceOrientationLandscapeLeft UIInterfaceOrientationLandscapeRight";
				LD_RUNPATH_SEARCH_PATHS = (
					"$(inherited)",
					"@executable_path/Frameworks",
				);
				MARKETING_VERSION = 1.0;
				PRODUCT_BUNDLE_IDENTIFIER = "is.leason.MyHabits2-0";
				PRODUCT_NAME = "$(TARGET_NAME)";
				SWIFT_EMIT_LOC_STRINGS = YES;
				SWIFT_VERSION = 5.0;
				TARGETED_DEVICE_FAMILY = "1,2";
			};
			name = Debug;
		};
		A4815A942976F750005EF778 /* Release */ = {
			isa = XCBuildConfiguration;
			buildSettings = {
				ASSETCATALOG_COMPILER_APPICON_NAME = AppIcon;
				ASSETCATALOG_COMPILER_GLOBAL_ACCENT_COLOR_NAME = AccentColor;
				CODE_SIGN_STYLE = Automatic;
				CURRENT_PROJECT_VERSION = 1;
				GENERATE_INFOPLIST_FILE = YES;
				INFOPLIST_FILE = MyHabits2.0/Info.plist;
				INFOPLIST_KEY_UIApplicationSupportsIndirectInputEvents = YES;
				INFOPLIST_KEY_UILaunchStoryboardName = LaunchScreen;
				INFOPLIST_KEY_UISupportedInterfaceOrientations_iPad = "UIInterfaceOrientationPortrait UIInterfaceOrientationPortraitUpsideDown UIInterfaceOrientationLandscapeLeft UIInterfaceOrientationLandscapeRight";
				INFOPLIST_KEY_UISupportedInterfaceOrientations_iPhone = "UIInterfaceOrientationPortrait UIInterfaceOrientationLandscapeLeft UIInterfaceOrientationLandscapeRight";
				LD_RUNPATH_SEARCH_PATHS = (
					"$(inherited)",
					"@executable_path/Frameworks",
				);
				MARKETING_VERSION = 1.0;
				PRODUCT_BUNDLE_IDENTIFIER = "is.leason.MyHabits2-0";
				PRODUCT_NAME = "$(TARGET_NAME)";
				SWIFT_EMIT_LOC_STRINGS = YES;
				SWIFT_VERSION = 5.0;
				TARGETED_DEVICE_FAMILY = "1,2";
			};
			name = Release;
		};
/* End XCBuildConfiguration section */

/* Begin XCConfigurationList section */
		A4815A792976F74B005EF778 /* Build configuration list for PBXProject "MyHabits2.0" */ = {
			isa = XCConfigurationList;
			buildConfigurations = (
				A4815A902976F750005EF778 /* Debug */,
				A4815A912976F750005EF778 /* Release */,
			);
			defaultConfigurationIsVisible = 0;
			defaultConfigurationName = Release;
		};
		A4815A922976F750005EF778 /* Build configuration list for PBXNativeTarget "MyHabits2.0" */ = {
			isa = XCConfigurationList;
			buildConfigurations = (
				A4815A932976F750005EF778 /* Debug */,
				A4815A942976F750005EF778 /* Release */,
			);
			defaultConfigurationIsVisible = 0;
			defaultConfigurationName = Release;
		};
/* End XCConfigurationList section */
	};
	rootObject = A4815A762976F74B005EF778 /* Project object */;
}
